
Microsoft Visual Studio Solution File, Format Version 12.00
# Visual Studio Version 16
VisualStudioVersion = 16.0.30907.101
MinimumVisualStudioVersion = 10.0.40219.1
Project("{FAE04EC0-301F-11D3-BF4B-00C04F79EFBC}") = "KampIntro", "KampIntro\KampIntro.csproj", "{6ADA9C7E-F9FE-4D46-89A8-89662977F173}"
EndProject
Project("{FAE04EC0-301F-11D3-BF4B-00C04F79EFBC}") = "Donguler", "Donguler\Donguler.csproj", "{FA6236CA-6201-4F1A-A315-E032C7BD0A71}"
EndProject
Project("{FAE04EC0-301F-11D3-BF4B-00C04F79EFBC}") = "ClassIntro", "ClassIntro\ClassIntro.csproj", "{061E7F31-2F97-4EAA-BBDA-317411E64F1A}"
EndProject
Project("{FAE04EC0-301F-11D3-BF4B-00C04F79EFBC}") = "E-Ticaret", "E-Ticaret\E-Ticaret.csproj", "{68578394-A52D-464C-B449-8BA1246BC7F4}"
EndProject
Project("{FAE04EC0-301F-11D3-BF4B-00C04F79EFBC}") = "Methods", "Methods\Methods.csproj", "{2BADF681-8615-4287-A299-EA281FB020EF}"
EndProject
Project("{FAE04EC0-301F-11D3-BF4B-00C04F79EFBC}") = "Mathematics", "Mathematics\Mathematics.csproj", "{E9007CA4-4BC5-46D5-892A-1CF2A0A6BC83}"
EndProject
Project("{FAE04EC0-301F-11D3-BF4B-00C04F79EFBC}") = "DeğerVeReferansTipler", "DeğerVeReferansTipler\DeğerVeReferansTipler.csproj", "{C6B6A7B2-4BD1-472B-8459-D23AAF3C3924}"
EndProject
Project("{FAE04EC0-301F-11D3-BF4B-00C04F79EFBC}") = "RefAndOutKeyword", "RefAndOutKeyword\RefAndOutKeyword.csproj", "{05F5493A-4CDE-422F-B476-5DA47B03B4E3}"
EndProject
Global
	GlobalSection(SolutionConfigurationPlatforms) = preSolution
		Debug|Any CPU = Debug|Any CPU
		Release|Any CPU = Release|Any CPU
	EndGlobalSection
	GlobalSection(ProjectConfigurationPlatforms) = postSolution
		{6ADA9C7E-F9FE-4D46-89A8-89662977F173}.Debug|Any CPU.ActiveCfg = Debug|Any CPU
		{6ADA9C7E-F9FE-4D46-89A8-89662977F173}.Debug|Any CPU.Build.0 = Debug|Any CPU
		{6ADA9C7E-F9FE-4D46-89A8-89662977F173}.Release|Any CPU.ActiveCfg = Release|Any CPU
		{6ADA9C7E-F9FE-4D46-89A8-89662977F173}.Release|Any CPU.Build.0 = Release|Any CPU
		{FA6236CA-6201-4F1A-A315-E032C7BD0A71}.Debug|Any CPU.ActiveCfg = Debug|Any CPU
		{FA6236CA-6201-4F1A-A315-E032C7BD0A71}.Debug|Any CPU.Build.0 = Debug|Any CPU
		{FA6236CA-6201-4F1A-A315-E032C7BD0A71}.Release|Any CPU.ActiveCfg = Release|Any CPU
		{FA6236CA-6201-4F1A-A315-E032C7BD0A71}.Release|Any CPU.Build.0 = Release|Any CPU
		{061E7F31-2F97-4EAA-BBDA-317411E64F1A}.Debug|Any CPU.ActiveCfg = Debug|Any CPU
		{061E7F31-2F97-4EAA-BBDA-317411E64F1A}.Debug|Any CPU.Build.0 = Debug|Any CPU
		{061E7F31-2F97-4EAA-BBDA-317411E64F1A}.Release|Any CPU.ActiveCfg = Release|Any CPU
		{061E7F31-2F97-4EAA-BBDA-317411E64F1A}.Release|Any CPU.Build.0 = Release|Any CPU
		{68578394-A52D-464C-B449-8BA1246BC7F4}.Debug|Any CPU.ActiveCfg = Debug|Any CPU
		{68578394-A52D-464C-B449-8BA1246BC7F4}.Debug|Any CPU.Build.0 = Debug|Any CPU
		{68578394-A52D-464C-B449-8BA1246BC7F4}.Release|Any CPU.ActiveCfg = Release|Any CPU
		{68578394-A52D-464C-B449-8BA1246BC7F4}.Release|Any CPU.Build.0 = Release|Any CPU
		{2BADF681-8615-4287-A299-EA281FB020EF}.Debug|Any CPU.ActiveCfg = Debug|Any CPU
		{2BADF681-8615-4287-A299-EA281FB020EF}.Debug|Any CPU.Build.0 = Debug|Any CPU
		{2BADF681-8615-4287-A299-EA281FB020EF}.Release|Any CPU.ActiveCfg = Release|Any CPU
		{2BADF681-8615-4287-A299-EA281FB020EF}.Release|Any CPU.Build.0 = Release|Any CPU
		{E9007CA4-4BC5-46D5-892A-1CF2A0A6BC83}.Debug|Any CPU.ActiveCfg = Debug|Any CPU
		{E9007CA4-4BC5-46D5-892A-1CF2A0A6BC83}.Debug|Any CPU.Build.0 = Debug|Any CPU
		{E9007CA4-4BC5-46D5-892A-1CF2A0A6BC83}.Release|Any CPU.ActiveCfg = Release|Any CPU
		{E9007CA4-4BC5-46D5-892A-1CF2A0A6BC83}.Release|Any CPU.Build.0 = Release|Any CPU
		{C6B6A7B2-4BD1-472B-8459-D23AAF3C3924}.Debug|Any CPU.ActiveCfg = Debug|Any CPU
		{C6B6A7B2-4BD1-472B-8459-D23AAF3C3924}.Debug|Any CPU.Build.0 = Debug|Any CPU
		{C6B6A7B2-4BD1-472B-8459-D23AAF3C3924}.Release|Any CPU.ActiveCfg = Release|Any CPU
		{C6B6A7B2-4BD1-472B-8459-D23AAF3C3924}.Release|Any CPU.Build.0 = Release|Any CPU
		{05F5493A-4CDE-422F-B476-5DA47B03B4E3}.Debug|Any CPU.ActiveCfg = Debug|Any CPU
		{05F5493A-4CDE-422F-B476-5DA47B03B4E3}.Debug|Any CPU.Build.0 = Debug|Any CPU
		{05F5493A-4CDE-422F-B476-5DA47B03B4E3}.Release|Any CPU.ActiveCfg = Release|Any CPU
		{05F5493A-4CDE-422F-B476-5DA47B03B4E3}.Release|Any CPU.Build.0 = Release|Any CPU
	EndGlobalSection
	GlobalSection(SolutionProperties) = preSolution
		HideSolutionNode = FALSE
	EndGlobalSection
	GlobalSection(ExtensibilityGlobals) = postSolution
		SolutionGuid = {4E258C9B-9186-4B72-B1D8-E419015D37BF}
	EndGlobalSection
EndGlobal
